
Microsoft Visual Studio Solution File, Format Version 12.00
# Visual Studio Version 16
VisualStudioVersion = 16.0.30907.101
MinimumVisualStudioVersion = 10.0.40219.1
Project("{FAE04EC0-301F-11D3-BF4B-00C04F79EFBC}") = "WithLoginAuth", "WithLoginAuth\WithLoginAuth.csproj", "{4176D92E-AB1E-427F-A7AE-83947A48B679}"
EndProject
Global
	GlobalSection(SolutionConfigurationPlatforms) = preSolution
		Debug|Any CPU = Debug|Any CPU
		Release|Any CPU = Release|Any CPU
	EndGlobalSection
	GlobalSection(ProjectConfigurationPlatforms) = postSolution
		{4176D92E-AB1E-427F-A7AE-83947A48B679}.Debug|Any CPU.ActiveCfg = Debug|Any CPU
		{4176D92E-AB1E-427F-A7AE-83947A48B679}.Debug|Any CPU.Build.0 = Debug|Any CPU
		{4176D92E-AB1E-427F-A7AE-83947A48B679}.Release|Any CPU.ActiveCfg = Release|Any CPU
		{4176D92E-AB1E-427F-A7AE-83947A48B679}.Release|Any CPU.Build.0 = Release|Any CPU
	EndGlobalSection
	GlobalSection(SolutionProperties) = preSolution
		HideSolutionNode = FALSE
	EndGlobalSection
	GlobalSection(ExtensibilityGlobals) = postSolution
		SolutionGuid = {1F154424-F4B6-448E-9461-E3FDE715217D}
	EndGlobalSection
EndGlobal
